
Microsoft Visual Studio Solution File, Format Version 12.00
# Visual Studio Version 16
VisualStudioVersion = 16.0.30225.117
MinimumVisualStudioVersion = 10.0.40219.1
Project("{FAE04EC0-301F-11D3-BF4B-00C04F79EFBC}") = "WebApplication1", "WebApplication1\WebApplication1.csproj", "{70B80EEB-28AF-4378-974A-6E37BF59E88F}"
EndProject
Global
	GlobalSection(SolutionConfigurationPlatforms) = preSolution
		Debug|Any CPU = Debug|Any CPU
		Release|Any CPU = Release|Any CPU
	EndGlobalSection
	GlobalSection(ProjectConfigurationPlatforms) = postSolution
		{70B80EEB-28AF-4378-974A-6E37BF59E88F}.Debug|Any CPU.ActiveCfg = Debug|Any CPU
		{70B80EEB-28AF-4378-974A-6E37BF59E88F}.Debug|Any CPU.Build.0 = Debug|Any CPU
		{70B80EEB-28AF-4378-974A-6E37BF59E88F}.Release|Any CPU.ActiveCfg = Release|Any CPU
		{70B80EEB-28AF-4378-974A-6E37BF59E88F}.Release|Any CPU.Build.0 = Release|Any CPU
	EndGlobalSection
	GlobalSection(SolutionProperties) = preSolution
		HideSolutionNode = FALSE
	EndGlobalSection
	GlobalSection(ExtensibilityGlobals) = postSolution
		SolutionGuid = {33CF7D8B-F3E2-43DE-81C4-6456837A9838}
	EndGlobalSection
EndGlobal
